
Microsoft Visual Studio Solution File, Format Version 12.00
# Visual Studio Version 16
VisualStudioVersion = 16.0.30804.86
MinimumVisualStudioVersion = 10.0.40219.1
Project("{9A19103F-16F7-4668-BE54-9A1E7A4F7556}") = "jNet.Blazor.Client", "jNet.Blazor\Client\jNet.Blazor.Client.csproj", "{FE3BB628-38AC-43A4-B136-CAB988BC9CFC}"
EndProject
Project("{9A19103F-16F7-4668-BE54-9A1E7A4F7556}") = "jNet.Blazor.Server", "jNet.Blazor\Server\jNet.Blazor.Server.csproj", "{224C92A5-4302-410D-B809-5BBBC4E465B7}"
EndProject
Project("{9A19103F-16F7-4668-BE54-9A1E7A4F7556}") = "jNet.Blazor.Shared", "jNet.Blazor\Shared\jNet.Blazor.Shared.csproj", "{510B8F0C-B517-4552-A2AB-D8B3780CCD7B}"
EndProject
Project("{9A19103F-16F7-4668-BE54-9A1E7A4F7556}") = "jNet.Data", "jNet.Data\jNet.Data.csproj", "{46A5E48C-D722-4C70-AE31-146DD9824ED5}"
EndProject
Project("{9A19103F-16F7-4668-BE54-9A1E7A4F7556}") = "jNet.Command", "jNet.Command\jNet.Command.csproj", "{EAE48154-67D2-495F-BE55-44E54A222870}"
EndProject
Project("{9A19103F-16F7-4668-BE54-9A1E7A4F7556}") = "jNet.Blazor.Parts", "jNet.Blazor.Parts\jNet.Blazor.Parts.csproj", "{B918A752-FA37-42F2-9C4F-3A6E27DC56D9}"
EndProject
Project("{9A19103F-16F7-4668-BE54-9A1E7A4F7556}") = "jNet.CRUD", "jNet.CRUD\jNet.CRUD.csproj", "{BCF6E2D4-0468-4C43-9F00-D5F1548EBF44}"
EndProject
Project("{9A19103F-16F7-4668-BE54-9A1E7A4F7556}") = "jNet.Autoform", "jNet.Autoform\jNet.Autoform.csproj", "{5273EC54-76B6-490C-B69D-FD4CBF5A90CB}"
EndProject
Project("{9A19103F-16F7-4668-BE54-9A1E7A4F7556}") = "jNet.Charts", "jNet.Charts\jNet.Charts.csproj", "{04258652-5B7E-46AC-8E8A-CFF4C86176FF}"
EndProject
Global
	GlobalSection(SolutionConfigurationPlatforms) = preSolution
		Debug|Any CPU = Debug|Any CPU
		Release|Any CPU = Release|Any CPU
	EndGlobalSection
	GlobalSection(ProjectConfigurationPlatforms) = postSolution
		{FE3BB628-38AC-43A4-B136-CAB988BC9CFC}.Debug|Any CPU.ActiveCfg = Debug|Any CPU
		{FE3BB628-38AC-43A4-B136-CAB988BC9CFC}.Debug|Any CPU.Build.0 = Debug|Any CPU
		{FE3BB628-38AC-43A4-B136-CAB988BC9CFC}.Release|Any CPU.ActiveCfg = Release|Any CPU
		{FE3BB628-38AC-43A4-B136-CAB988BC9CFC}.Release|Any CPU.Build.0 = Release|Any CPU
		{224C92A5-4302-410D-B809-5BBBC4E465B7}.Debug|Any CPU.ActiveCfg = Debug|Any CPU
		{224C92A5-4302-410D-B809-5BBBC4E465B7}.Debug|Any CPU.Build.0 = Debug|Any CPU
		{224C92A5-4302-410D-B809-5BBBC4E465B7}.Release|Any CPU.ActiveCfg = Release|Any CPU
		{224C92A5-4302-410D-B809-5BBBC4E465B7}.Release|Any CPU.Build.0 = Release|Any CPU
		{510B8F0C-B517-4552-A2AB-D8B3780CCD7B}.Debug|Any CPU.ActiveCfg = Debug|Any CPU
		{510B8F0C-B517-4552-A2AB-D8B3780CCD7B}.Debug|Any CPU.Build.0 = Debug|Any CPU
		{510B8F0C-B517-4552-A2AB-D8B3780CCD7B}.Release|Any CPU.ActiveCfg = Release|Any CPU
		{510B8F0C-B517-4552-A2AB-D8B3780CCD7B}.Release|Any CPU.Build.0 = Release|Any CPU
		{46A5E48C-D722-4C70-AE31-146DD9824ED5}.Debug|Any CPU.ActiveCfg = Debug|Any CPU
		{46A5E48C-D722-4C70-AE31-146DD9824ED5}.Debug|Any CPU.Build.0 = Debug|Any CPU
		{46A5E48C-D722-4C70-AE31-146DD9824ED5}.Release|Any CPU.ActiveCfg = Release|Any CPU
		{46A5E48C-D722-4C70-AE31-146DD9824ED5}.Release|Any CPU.Build.0 = Release|Any CPU
		{EAE48154-67D2-495F-BE55-44E54A222870}.Debug|Any CPU.ActiveCfg = Debug|Any CPU
		{EAE48154-67D2-495F-BE55-44E54A222870}.Debug|Any CPU.Build.0 = Debug|Any CPU
		{EAE48154-67D2-495F-BE55-44E54A222870}.Release|Any CPU.ActiveCfg = Release|Any CPU
		{EAE48154-67D2-495F-BE55-44E54A222870}.Release|Any CPU.Build.0 = Release|Any CPU
		{B918A752-FA37-42F2-9C4F-3A6E27DC56D9}.Debug|Any CPU.ActiveCfg = Debug|Any CPU
		{B918A752-FA37-42F2-9C4F-3A6E27DC56D9}.Debug|Any CPU.Build.0 = Debug|Any CPU
		{B918A752-FA37-42F2-9C4F-3A6E27DC56D9}.Release|Any CPU.ActiveCfg = Release|Any CPU
		{B918A752-FA37-42F2-9C4F-3A6E27DC56D9}.Release|Any CPU.Build.0 = Release|Any CPU
		{BCF6E2D4-0468-4C43-9F00-D5F1548EBF44}.Debug|Any CPU.ActiveCfg = Debug|Any CPU
		{BCF6E2D4-0468-4C43-9F00-D5F1548EBF44}.Debug|Any CPU.Build.0 = Debug|Any CPU
		{BCF6E2D4-0468-4C43-9F00-D5F1548EBF44}.Release|Any CPU.ActiveCfg = Release|Any CPU
		{BCF6E2D4-0468-4C43-9F00-D5F1548EBF44}.Release|Any CPU.Build.0 = Release|Any CPU
		{5273EC54-76B6-490C-B69D-FD4CBF5A90CB}.Debug|Any CPU.ActiveCfg = Debug|Any CPU
		{5273EC54-76B6-490C-B69D-FD4CBF5A90CB}.Debug|Any CPU.Build.0 = Debug|Any CPU
		{5273EC54-76B6-490C-B69D-FD4CBF5A90CB}.Release|Any CPU.ActiveCfg = Release|Any CPU
		{5273EC54-76B6-490C-B69D-FD4CBF5A90CB}.Release|Any CPU.Build.0 = Release|Any CPU
		{04258652-5B7E-46AC-8E8A-CFF4C86176FF}.Debug|Any CPU.ActiveCfg = Debug|Any CPU
		{04258652-5B7E-46AC-8E8A-CFF4C86176FF}.Debug|Any CPU.Build.0 = Debug|Any CPU
		{04258652-5B7E-46AC-8E8A-CFF4C86176FF}.Release|Any CPU.ActiveCfg = Release|Any CPU
		{04258652-5B7E-46AC-8E8A-CFF4C86176FF}.Release|Any CPU.Build.0 = Release|Any CPU
	EndGlobalSection
	GlobalSection(SolutionProperties) = preSolution
		HideSolutionNode = FALSE
	EndGlobalSection
	GlobalSection(ExtensibilityGlobals) = postSolution
		SolutionGuid = {C13C4547-C9B7-4EB3-86DD-187A6F868A01}
	EndGlobalSection
EndGlobal
