
Microsoft Visual Studio Solution File, Format Version 12.00
# Visual Studio Version 16
VisualStudioVersion = 16.0.30804.86
MinimumVisualStudioVersion = 10.0.40219.1
Project("{9A19103F-16F7-4668-BE54-9A1E7A4F7556}") = "jNet.Blazor.Client", "jNet.Blazor\Client\jNet.Blazor.Client.csproj", "{FE3BB628-38AC-43A4-B136-CAB988BC9CFC}"
EndProject
Project("{9A19103F-16F7-4668-BE54-9A1E7A4F7556}") = "jNet.Blazor.Server", "jNet.Blazor\Server\jNet.Blazor.Server.csproj", "{224C92A5-4302-410D-B809-5BBBC4E465B7}"
EndProject
Project("{9A19103F-16F7-4668-BE54-9A1E7A4F7556}") = "jNet.Blazor.Shared", "jNet.Blazor\Shared\jNet.Blazor.Shared.csproj", "{510B8F0C-B517-4552-A2AB-D8B3780CCD7B}"
EndProject
Project("{9A19103F-16F7-4668-BE54-9A1E7A4F7556}") = "jNet.Data", "jNet.Data\jNet.Data.csproj", "{46A5E48C-D722-4C70-AE31-146DD9824ED5}"
EndProject
Project("{9A19103F-16F7-4668-BE54-9A1E7A4F7556}") = "jNet.Command", "jNet.Command\jNet.Command.csproj", "{EAE48154-67D2-495F-BE55-44E54A222870}"
EndProject
Project("{9A19103F-16F7-4668-BE54-9A1E7A4F7556}") = "jNet.Blazor.Parts", "jNet.Blazor.Parts\jNet.Blazor.Parts.csproj", "{B918A752-FA37-42F2-9C4F-3A6E27DC56D9}"
EndProject
Project("{9A19103F-16F7-4668-BE54-9A1E7A4F7556}") = "jNet.CRUD", "jNet.CRUD\jNet.CRUD.csproj", "{BCF6E2D4-0468-4C43-9F00-D5F1548EBF44}"
EndProject
Project("{9A19103F-16F7-4668-BE54-9A1E7A4F7556}") = "jNet.Autoform", "jNet.Autoform\jNet.Autoform.csproj", "{5273EC54-76B6-490C-B69D-FD4CBF5A90CB}"
EndProject
Project("{9A19103F-16F7-4668-BE54-9A1E7A4F7556}") = "jNet.Charts", "jNet.Charts\jNet.Charts.csproj", "{04258652-5B7E-46AC-8E8A-CFF4C86176FF}"
EndProject
Project("{2150E333-8FDC-42A3-9474-1A3956D46DE8}") = "Other", "Other", "{667B5286-47A0-4E91-9573-20382A1ECF1B}"
EndProject
Project("{9A19103F-16F7-4668-BE54-9A1E7A4F7556}") = "jNet.Network", "jNet.Network\jNet.Network.csproj", "{902988B4-3141-4562-9679-28D64355F3F2}"
EndProject
Project("{9A19103F-16F7-4668-BE54-9A1E7A4F7556}") = "jNet.Numerics", "jNet.Numerics\jNet.Numerics.csproj", "{2ACC8264-4862-4020-B736-9841CC19C506}"
EndProject
Project("{9A19103F-16F7-4668-BE54-9A1E7A4F7556}") = "jNet.Temporal", "jNet.Temporal\jNet.Temporal.csproj", "{82EA2117-00DA-46BE-9AAD-6D253024F772}"
EndProject
Project("{9A19103F-16F7-4668-BE54-9A1E7A4F7556}") = "jNet.Index", "jNet.Index\jNet.Index.csproj", "{15CA2A30-2427-4502-870A-6A958EF59FA0}"
EndProject
Project("{2150E333-8FDC-42A3-9474-1A3956D46DE8}") = "Blazor2", "Blazor2", "{B92B98F4-72F6-49BE-84BB-FD391932CF35}"
EndProject
Project("{9A19103F-16F7-4668-BE54-9A1E7A4F7556}") = "jNet.Blazor2.Server", "jNet.Blazor2\Server\jNet.Blazor2.Server.csproj", "{45AFE6DC-553D-4CB2-BCB4-522113D20646}"
EndProject
Project("{9A19103F-16F7-4668-BE54-9A1E7A4F7556}") = "jNet.Blazor2.Client", "jNet.Blazor2\Client\jNet.Blazor2.Client.csproj", "{486338A4-AD5A-45D2-AA16-B88164D26A69}"
EndProject
Project("{9A19103F-16F7-4668-BE54-9A1E7A4F7556}") = "jNet.Blazor2.Shared", "jNet.Blazor2\Shared\jNet.Blazor2.Shared.csproj", "{054BF843-BBA1-4A4F-A573-3FDF265A14B7}"
EndProject
Project("{9A19103F-16F7-4668-BE54-9A1E7A4F7556}") = "jNet.Roslyn", "jNet.Roslyn\jNet.Roslyn.csproj", "{EC9F5DA0-1B88-4D36-8A0D-0337EF0701CD}"
EndProject
Project("{9A19103F-16F7-4668-BE54-9A1E7A4F7556}") = "jNet.Blazor2.Components", "jNet.Blazor2\Components\jNet.Blazor2.Components.csproj", "{F7F125CA-CDD6-446F-B45F-DACFA51E891D}"
EndProject
Project("{9A19103F-16F7-4668-BE54-9A1E7A4F7556}") = "BlazorMonaco", "..\..\..\..\source\repos\BlazorMonaco\BlazorMonaco\BlazorMonaco.csproj", "{76F63720-4210-467A-B4B1-AFA86CD480C9}"
EndProject
Project("{9A19103F-16F7-4668-BE54-9A1E7A4F7556}") = "jNet.Vanilla.Server", "jNet.Vanilla\Server\jNet.Vanilla.Server.csproj", "{2DFE0809-EA92-4D85-BDDE-EF18288ABEDE}"
EndProject
Project("{9A19103F-16F7-4668-BE54-9A1E7A4F7556}") = "jNet.Vanilla.Client", "jNet.Vanilla\Client\jNet.Vanilla.Client.csproj", "{8407AED5-1E05-46E9-8166-AD38D6F9414E}"
EndProject
Project("{9A19103F-16F7-4668-BE54-9A1E7A4F7556}") = "jNet.Vanilla.Shared", "jNet.Vanilla\Shared\jNet.Vanilla.Shared.csproj", "{A4F383C9-9271-45A1-BC41-163D6FE84908}"
EndProject
Global
	GlobalSection(SolutionConfigurationPlatforms) = preSolution
		Debug|Any CPU = Debug|Any CPU
		Release|Any CPU = Release|Any CPU
	EndGlobalSection
	GlobalSection(ProjectConfigurationPlatforms) = postSolution
		{FE3BB628-38AC-43A4-B136-CAB988BC9CFC}.Debug|Any CPU.ActiveCfg = Debug|Any CPU
		{FE3BB628-38AC-43A4-B136-CAB988BC9CFC}.Debug|Any CPU.Build.0 = Debug|Any CPU
		{FE3BB628-38AC-43A4-B136-CAB988BC9CFC}.Release|Any CPU.ActiveCfg = Release|Any CPU
		{FE3BB628-38AC-43A4-B136-CAB988BC9CFC}.Release|Any CPU.Build.0 = Release|Any CPU
		{224C92A5-4302-410D-B809-5BBBC4E465B7}.Debug|Any CPU.ActiveCfg = Debug|Any CPU
		{224C92A5-4302-410D-B809-5BBBC4E465B7}.Debug|Any CPU.Build.0 = Debug|Any CPU
		{224C92A5-4302-410D-B809-5BBBC4E465B7}.Release|Any CPU.ActiveCfg = Release|Any CPU
		{224C92A5-4302-410D-B809-5BBBC4E465B7}.Release|Any CPU.Build.0 = Release|Any CPU
		{510B8F0C-B517-4552-A2AB-D8B3780CCD7B}.Debug|Any CPU.ActiveCfg = Debug|Any CPU
		{510B8F0C-B517-4552-A2AB-D8B3780CCD7B}.Debug|Any CPU.Build.0 = Debug|Any CPU
		{510B8F0C-B517-4552-A2AB-D8B3780CCD7B}.Release|Any CPU.ActiveCfg = Release|Any CPU
		{510B8F0C-B517-4552-A2AB-D8B3780CCD7B}.Release|Any CPU.Build.0 = Release|Any CPU
		{46A5E48C-D722-4C70-AE31-146DD9824ED5}.Debug|Any CPU.ActiveCfg = Debug|Any CPU
		{46A5E48C-D722-4C70-AE31-146DD9824ED5}.Debug|Any CPU.Build.0 = Debug|Any CPU
		{46A5E48C-D722-4C70-AE31-146DD9824ED5}.Release|Any CPU.ActiveCfg = Release|Any CPU
		{46A5E48C-D722-4C70-AE31-146DD9824ED5}.Release|Any CPU.Build.0 = Release|Any CPU
		{EAE48154-67D2-495F-BE55-44E54A222870}.Debug|Any CPU.ActiveCfg = Debug|Any CPU
		{EAE48154-67D2-495F-BE55-44E54A222870}.Debug|Any CPU.Build.0 = Debug|Any CPU
		{EAE48154-67D2-495F-BE55-44E54A222870}.Release|Any CPU.ActiveCfg = Release|Any CPU
		{EAE48154-67D2-495F-BE55-44E54A222870}.Release|Any CPU.Build.0 = Release|Any CPU
		{B918A752-FA37-42F2-9C4F-3A6E27DC56D9}.Debug|Any CPU.ActiveCfg = Debug|Any CPU
		{B918A752-FA37-42F2-9C4F-3A6E27DC56D9}.Debug|Any CPU.Build.0 = Debug|Any CPU
		{B918A752-FA37-42F2-9C4F-3A6E27DC56D9}.Release|Any CPU.ActiveCfg = Release|Any CPU
		{B918A752-FA37-42F2-9C4F-3A6E27DC56D9}.Release|Any CPU.Build.0 = Release|Any CPU
		{BCF6E2D4-0468-4C43-9F00-D5F1548EBF44}.Debug|Any CPU.ActiveCfg = Debug|Any CPU
		{BCF6E2D4-0468-4C43-9F00-D5F1548EBF44}.Debug|Any CPU.Build.0 = Debug|Any CPU
		{BCF6E2D4-0468-4C43-9F00-D5F1548EBF44}.Release|Any CPU.ActiveCfg = Release|Any CPU
		{BCF6E2D4-0468-4C43-9F00-D5F1548EBF44}.Release|Any CPU.Build.0 = Release|Any CPU
		{5273EC54-76B6-490C-B69D-FD4CBF5A90CB}.Debug|Any CPU.ActiveCfg = Debug|Any CPU
		{5273EC54-76B6-490C-B69D-FD4CBF5A90CB}.Debug|Any CPU.Build.0 = Debug|Any CPU
		{5273EC54-76B6-490C-B69D-FD4CBF5A90CB}.Release|Any CPU.ActiveCfg = Release|Any CPU
		{5273EC54-76B6-490C-B69D-FD4CBF5A90CB}.Release|Any CPU.Build.0 = Release|Any CPU
		{04258652-5B7E-46AC-8E8A-CFF4C86176FF}.Debug|Any CPU.ActiveCfg = Debug|Any CPU
		{04258652-5B7E-46AC-8E8A-CFF4C86176FF}.Debug|Any CPU.Build.0 = Debug|Any CPU
		{04258652-5B7E-46AC-8E8A-CFF4C86176FF}.Release|Any CPU.ActiveCfg = Release|Any CPU
		{04258652-5B7E-46AC-8E8A-CFF4C86176FF}.Release|Any CPU.Build.0 = Release|Any CPU
		{902988B4-3141-4562-9679-28D64355F3F2}.Debug|Any CPU.ActiveCfg = Debug|Any CPU
		{902988B4-3141-4562-9679-28D64355F3F2}.Debug|Any CPU.Build.0 = Debug|Any CPU
		{902988B4-3141-4562-9679-28D64355F3F2}.Release|Any CPU.ActiveCfg = Release|Any CPU
		{902988B4-3141-4562-9679-28D64355F3F2}.Release|Any CPU.Build.0 = Release|Any CPU
		{2ACC8264-4862-4020-B736-9841CC19C506}.Debug|Any CPU.ActiveCfg = Debug|Any CPU
		{2ACC8264-4862-4020-B736-9841CC19C506}.Debug|Any CPU.Build.0 = Debug|Any CPU
		{2ACC8264-4862-4020-B736-9841CC19C506}.Release|Any CPU.ActiveCfg = Release|Any CPU
		{2ACC8264-4862-4020-B736-9841CC19C506}.Release|Any CPU.Build.0 = Release|Any CPU
		{82EA2117-00DA-46BE-9AAD-6D253024F772}.Debug|Any CPU.ActiveCfg = Debug|Any CPU
		{82EA2117-00DA-46BE-9AAD-6D253024F772}.Debug|Any CPU.Build.0 = Debug|Any CPU
		{82EA2117-00DA-46BE-9AAD-6D253024F772}.Release|Any CPU.ActiveCfg = Release|Any CPU
		{82EA2117-00DA-46BE-9AAD-6D253024F772}.Release|Any CPU.Build.0 = Release|Any CPU
		{15CA2A30-2427-4502-870A-6A958EF59FA0}.Debug|Any CPU.ActiveCfg = Debug|Any CPU
		{15CA2A30-2427-4502-870A-6A958EF59FA0}.Debug|Any CPU.Build.0 = Debug|Any CPU
		{15CA2A30-2427-4502-870A-6A958EF59FA0}.Release|Any CPU.ActiveCfg = Release|Any CPU
		{15CA2A30-2427-4502-870A-6A958EF59FA0}.Release|Any CPU.Build.0 = Release|Any CPU
		{45AFE6DC-553D-4CB2-BCB4-522113D20646}.Debug|Any CPU.ActiveCfg = Debug|Any CPU
		{45AFE6DC-553D-4CB2-BCB4-522113D20646}.Debug|Any CPU.Build.0 = Debug|Any CPU
		{45AFE6DC-553D-4CB2-BCB4-522113D20646}.Release|Any CPU.ActiveCfg = Release|Any CPU
		{45AFE6DC-553D-4CB2-BCB4-522113D20646}.Release|Any CPU.Build.0 = Release|Any CPU
		{486338A4-AD5A-45D2-AA16-B88164D26A69}.Debug|Any CPU.ActiveCfg = Debug|Any CPU
		{486338A4-AD5A-45D2-AA16-B88164D26A69}.Debug|Any CPU.Build.0 = Debug|Any CPU
		{486338A4-AD5A-45D2-AA16-B88164D26A69}.Release|Any CPU.ActiveCfg = Release|Any CPU
		{486338A4-AD5A-45D2-AA16-B88164D26A69}.Release|Any CPU.Build.0 = Release|Any CPU
		{054BF843-BBA1-4A4F-A573-3FDF265A14B7}.Debug|Any CPU.ActiveCfg = Debug|Any CPU
		{054BF843-BBA1-4A4F-A573-3FDF265A14B7}.Debug|Any CPU.Build.0 = Debug|Any CPU
		{054BF843-BBA1-4A4F-A573-3FDF265A14B7}.Release|Any CPU.ActiveCfg = Release|Any CPU
		{054BF843-BBA1-4A4F-A573-3FDF265A14B7}.Release|Any CPU.Build.0 = Release|Any CPU
		{EC9F5DA0-1B88-4D36-8A0D-0337EF0701CD}.Debug|Any CPU.ActiveCfg = Debug|Any CPU
		{EC9F5DA0-1B88-4D36-8A0D-0337EF0701CD}.Debug|Any CPU.Build.0 = Debug|Any CPU
		{EC9F5DA0-1B88-4D36-8A0D-0337EF0701CD}.Release|Any CPU.ActiveCfg = Release|Any CPU
		{EC9F5DA0-1B88-4D36-8A0D-0337EF0701CD}.Release|Any CPU.Build.0 = Release|Any CPU
		{F7F125CA-CDD6-446F-B45F-DACFA51E891D}.Debug|Any CPU.ActiveCfg = Debug|Any CPU
		{F7F125CA-CDD6-446F-B45F-DACFA51E891D}.Debug|Any CPU.Build.0 = Debug|Any CPU
		{F7F125CA-CDD6-446F-B45F-DACFA51E891D}.Release|Any CPU.ActiveCfg = Release|Any CPU
		{F7F125CA-CDD6-446F-B45F-DACFA51E891D}.Release|Any CPU.Build.0 = Release|Any CPU
		{76F63720-4210-467A-B4B1-AFA86CD480C9}.Debug|Any CPU.ActiveCfg = Debug|Any CPU
		{76F63720-4210-467A-B4B1-AFA86CD480C9}.Debug|Any CPU.Build.0 = Debug|Any CPU
		{76F63720-4210-467A-B4B1-AFA86CD480C9}.Release|Any CPU.ActiveCfg = Release|Any CPU
		{76F63720-4210-467A-B4B1-AFA86CD480C9}.Release|Any CPU.Build.0 = Release|Any CPU
		{2DFE0809-EA92-4D85-BDDE-EF18288ABEDE}.Debug|Any CPU.ActiveCfg = Debug|Any CPU
		{2DFE0809-EA92-4D85-BDDE-EF18288ABEDE}.Debug|Any CPU.Build.0 = Debug|Any CPU
		{2DFE0809-EA92-4D85-BDDE-EF18288ABEDE}.Release|Any CPU.ActiveCfg = Release|Any CPU
		{2DFE0809-EA92-4D85-BDDE-EF18288ABEDE}.Release|Any CPU.Build.0 = Release|Any CPU
		{8407AED5-1E05-46E9-8166-AD38D6F9414E}.Debug|Any CPU.ActiveCfg = Debug|Any CPU
		{8407AED5-1E05-46E9-8166-AD38D6F9414E}.Debug|Any CPU.Build.0 = Debug|Any CPU
		{8407AED5-1E05-46E9-8166-AD38D6F9414E}.Release|Any CPU.ActiveCfg = Release|Any CPU
		{8407AED5-1E05-46E9-8166-AD38D6F9414E}.Release|Any CPU.Build.0 = Release|Any CPU
		{A4F383C9-9271-45A1-BC41-163D6FE84908}.Debug|Any CPU.ActiveCfg = Debug|Any CPU
		{A4F383C9-9271-45A1-BC41-163D6FE84908}.Debug|Any CPU.Build.0 = Debug|Any CPU
		{A4F383C9-9271-45A1-BC41-163D6FE84908}.Release|Any CPU.ActiveCfg = Release|Any CPU
		{A4F383C9-9271-45A1-BC41-163D6FE84908}.Release|Any CPU.Build.0 = Release|Any CPU
	EndGlobalSection
	GlobalSection(SolutionProperties) = preSolution
		HideSolutionNode = FALSE
	EndGlobalSection
	GlobalSection(NestedProjects) = preSolution
		{FE3BB628-38AC-43A4-B136-CAB988BC9CFC} = {667B5286-47A0-4E91-9573-20382A1ECF1B}
		{224C92A5-4302-410D-B809-5BBBC4E465B7} = {667B5286-47A0-4E91-9573-20382A1ECF1B}
		{510B8F0C-B517-4552-A2AB-D8B3780CCD7B} = {667B5286-47A0-4E91-9573-20382A1ECF1B}
		{B918A752-FA37-42F2-9C4F-3A6E27DC56D9} = {667B5286-47A0-4E91-9573-20382A1ECF1B}
		{BCF6E2D4-0468-4C43-9F00-D5F1548EBF44} = {667B5286-47A0-4E91-9573-20382A1ECF1B}
		{5273EC54-76B6-490C-B69D-FD4CBF5A90CB} = {667B5286-47A0-4E91-9573-20382A1ECF1B}
		{04258652-5B7E-46AC-8E8A-CFF4C86176FF} = {667B5286-47A0-4E91-9573-20382A1ECF1B}
		{45AFE6DC-553D-4CB2-BCB4-522113D20646} = {B92B98F4-72F6-49BE-84BB-FD391932CF35}
		{486338A4-AD5A-45D2-AA16-B88164D26A69} = {B92B98F4-72F6-49BE-84BB-FD391932CF35}
		{054BF843-BBA1-4A4F-A573-3FDF265A14B7} = {B92B98F4-72F6-49BE-84BB-FD391932CF35}
		{F7F125CA-CDD6-446F-B45F-DACFA51E891D} = {B92B98F4-72F6-49BE-84BB-FD391932CF35}
		{76F63720-4210-467A-B4B1-AFA86CD480C9} = {B92B98F4-72F6-49BE-84BB-FD391932CF35}
	EndGlobalSection
	GlobalSection(ExtensibilityGlobals) = postSolution
		SolutionGuid = {C13C4547-C9B7-4EB3-86DD-187A6F868A01}
	EndGlobalSection
EndGlobal
