
Microsoft Visual Studio Solution File, Format Version 12.00
# Visual Studio Version 17
VisualStudioVersion = 17.0.31717.71
MinimumVisualStudioVersion = 10.0.40219.1
Project("{9A19103F-16F7-4668-BE54-9A1E7A4F7556}") = "jNet.Client.UI", "jNet.Client.UI\jNet.Client.UI.csproj", "{C2001850-39E6-4CF0-9060-136F6AFFF537}"
EndProject
Project("{9A19103F-16F7-4668-BE54-9A1E7A4F7556}") = "jNet.NET.API", "jNet.NET.API\jNet.NET.API.csproj", "{0ACFB93F-7540-480B-9923-AEB8D17D6D22}"
EndProject
Project("{9A19103F-16F7-4668-BE54-9A1E7A4F7556}") = "jNet.Shared.Code", "jNet.Shared.Code\jNet.Shared.Code.csproj", "{4A8C3839-6797-49F0-BBD1-C5E277D32EC0}"
EndProject
Project("{9A19103F-16F7-4668-BE54-9A1E7A4F7556}") = "jNet.WaterNET.Workstation", "jNet.WaterNET.Workstation\jNet.WaterNET.Workstation.csproj", "{21568536-16A3-40D0-AE1D-AED407AD9087}"
EndProject
Project("{2150E333-8FDC-42A3-9474-1A3956D46DE8}") = "Shared", "Shared", "{2ABC4325-C1CA-45B1-9FAB-B152F2943660}"
EndProject
Project("{2150E333-8FDC-42A3-9474-1A3956D46DE8}") = "Client", "Client", "{7571FCCC-A238-4D00-B338-94F13C2C7F61}"
EndProject
Project("{2150E333-8FDC-42A3-9474-1A3956D46DE8}") = "Server", "Server", "{78570144-7297-4265-853F-0FD814B99F0A}"
EndProject
Project("{9A19103F-16F7-4668-BE54-9A1E7A4F7556}") = "jNet.Client.Code", "jNet.Client.Code\jNet.Client.Code.csproj", "{B48F170D-DA15-4868-9C22-B286AF5D966A}"
EndProject
Project("{9A19103F-16F7-4668-BE54-9A1E7A4F7556}") = "jNet.Workstation.UI", "jNet.Workstation.UI\jNet.Workstation.UI.csproj", "{D673E168-3598-47F4-B9B6-1DC479FC78D1}"
EndProject
Project("{2150E333-8FDC-42A3-9474-1A3956D46DE8}") = "Xperiments", "Xperiments", "{9740B01D-57F1-4F17-B03F-BDC24C675609}"
EndProject
Project("{9A19103F-16F7-4668-BE54-9A1E7A4F7556}") = "jNet.Blazor.Client", "Experiments\jNet.Blazor\Client\jNet.Blazor.Client.csproj", "{47119F9A-4C45-4FD3-9925-D7895EB5023E}"
EndProject
Project("{9A19103F-16F7-4668-BE54-9A1E7A4F7556}") = "jNet.Autoform", "Experiments\jNet.Blazor\jNet.Autoform\jNet.Autoform.csproj", "{5458EE21-A5BA-4395-9114-0CDCB5B63AB9}"
EndProject
Project("{9A19103F-16F7-4668-BE54-9A1E7A4F7556}") = "jNet.Blazor.Parts", "Experiments\jNet.Blazor\Parts\jNet.Blazor.Parts.csproj", "{EAB1971F-7449-4A84-AF76-6A3B0D8EF19E}"
EndProject
Project("{9A19103F-16F7-4668-BE54-9A1E7A4F7556}") = "jNet.Blazor.Server", "Experiments\jNet.Blazor\Server\jNet.Blazor.Server.csproj", "{C51A4BC3-EC66-47EA-9A59-DAF2987765A0}"
EndProject
Project("{9A19103F-16F7-4668-BE54-9A1E7A4F7556}") = "jNet.Blazor.Shared", "Experiments\jNet.Blazor\Shared\jNet.Blazor.Shared.csproj", "{4D458A05-6C8E-4C95-9A9F-481F458F51DE}"
EndProject
Project("{9A19103F-16F7-4668-BE54-9A1E7A4F7556}") = "jNet.Charts", "Experiments\jNet.Charts\jNet.Charts.csproj", "{14FC496C-C97F-4A49-ACD5-0ADB69C995DA}"
EndProject
Project("{9A19103F-16F7-4668-BE54-9A1E7A4F7556}") = "jNet.Command", "Experiments\jNet.Command\jNet.Command.csproj", "{73E5E7FB-EE26-4AEE-885F-0E931CA55153}"
EndProject
Project("{9A19103F-16F7-4668-BE54-9A1E7A4F7556}") = "jNet.CRUD", "Experiments\jNet.CRUD\jNet.CRUD.csproj", "{E5102C8C-3965-4AC8-9468-FADF340F11D8}"
EndProject
Project("{9A19103F-16F7-4668-BE54-9A1E7A4F7556}") = "jNet.Index", "Experiments\jNet.Index\jNet.Index.csproj", "{30414EC4-AD93-4779-A7A4-E161E8CF226B}"
EndProject
Project("{9A19103F-16F7-4668-BE54-9A1E7A4F7556}") = "jNet.Data", "Experiments\jNet.Data\jNet.Data.csproj", "{DB541288-6782-433A-909E-04BD15D4B3C1}"
EndProject
Project("{9A19103F-16F7-4668-BE54-9A1E7A4F7556}") = "jNet.Network", "Experiments\jNet.Network\jNet.Network.csproj", "{09E03459-814F-4699-80A8-2738A62CFEB0}"
EndProject
Project("{9A19103F-16F7-4668-BE54-9A1E7A4F7556}") = "jNet.Numerics", "Experiments\jNet.Numerics\jNet.Numerics.csproj", "{DB2E5CDA-CB12-4AC1-8E42-39BE8E13B040}"
EndProject
Project("{9A19103F-16F7-4668-BE54-9A1E7A4F7556}") = "jNet.Roslyn", "Experiments\jNet.Roslyn\jNet.Roslyn.csproj", "{DF663A70-119D-439A-86B0-78BB489F3F6A}"
EndProject
Project("{9A19103F-16F7-4668-BE54-9A1E7A4F7556}") = "jNet.Temporal", "Experiments\jNet.Temporal\jNet.Temporal.csproj", "{4042F8BE-04C8-48F3-9255-145E12190B04}"
EndProject
Project("{2150E333-8FDC-42A3-9474-1A3956D46DE8}") = "Solution Items", "Solution Items", "{CFF4A26A-9D64-4EAE-A947-19FD7FB274AF}"
	ProjectSection(SolutionItems) = preProject
		application drawings.vsdx = application drawings.vsdx
	EndProjectSection
EndProject
Project("{2150E333-8FDC-42A3-9474-1A3956D46DE8}") = "Accounts", "Accounts", "{7FFE2CB6-5D0B-4A73-B386-73A3EF0A5909}"
EndProject
Project("{9A19103F-16F7-4668-BE54-9A1E7A4F7556}") = "jNet.Accounts.Server", "jNet.Accounts\Server\jNet.Accounts.Server.csproj", "{62F2886D-4F0C-4957-A3B3-4533F648991E}"
EndProject
Project("{9A19103F-16F7-4668-BE54-9A1E7A4F7556}") = "jNet.Accounts.Client", "jNet.Accounts\Client\jNet.Accounts.Client.csproj", "{F906A0C4-AC83-4095-921E-9FDCBB12B2CF}"
EndProject
Project("{9A19103F-16F7-4668-BE54-9A1E7A4F7556}") = "jNet.Accounts.Shared", "jNet.Accounts\Shared\jNet.Accounts.Shared.csproj", "{3ED2FC48-466E-4138-86E9-10C144F9D550}"
EndProject
Project("{9A19103F-16F7-4668-BE54-9A1E7A4F7556}") = "jNet.Accounts.Components", "jNet.Accounts\Components\jNet.Accounts.Components.csproj", "{C34A0439-3373-4D62-BC6B-00C146D711C3}"
EndProject
Project("{9A19103F-16F7-4668-BE54-9A1E7A4F7556}") = "jNet.Accounts.Store", "jNet.Accounts\Store\jNet.Accounts.Store.csproj", "{1C0EF2A7-D21F-4F2F-99D9-047BCCE4700C}"
EndProject
Project("{FAE04EC0-301F-11D3-BF4B-00C04F79EFBC}") = "jNet.Geo", "jNet.Geo\jNet.Geo.csproj", "{00A1CA87-E6D5-4F37-9E38-722D04BCE7D8}"
EndProject
Project("{9A19103F-16F7-4668-BE54-9A1E7A4F7556}") = "jNet.Mapbox", "jNet.Mapbox\jNet.Mapbox.csproj", "{835B41D3-E5A5-4767-B2C3-4431CAEB8EE9}"
EndProject
Project("{9A19103F-16F7-4668-BE54-9A1E7A4F7556}") = "jNet.Process", "jNet.Process\jNet.Process.csproj", "{402BE68C-4BCE-481A-B9E4-5B83F6038F45}"
EndProject
Project("{9A19103F-16F7-4668-BE54-9A1E7A4F7556}") = "jNet.MineSweeper.Server", "jNet.MineSweeper\Server\jNet.MineSweeper.Server.csproj", "{3F78DFC5-9810-4D6A-9A64-CCBB28E4AABE}"
EndProject
Project("{9A19103F-16F7-4668-BE54-9A1E7A4F7556}") = "jNet.MineSweeper.Client", "jNet.MineSweeper\Client\jNet.MineSweeper.Client.csproj", "{3BED84A4-6EE3-4E87-B357-73E5FD4CB6DC}"
EndProject
Project("{9A19103F-16F7-4668-BE54-9A1E7A4F7556}") = "jNet.MineSweeper.Shared", "jNet.MineSweeper\Shared\jNet.MineSweeper.Shared.csproj", "{0C42AE63-D3D4-4940-8A6F-9424D3935615}"
EndProject
Global
	GlobalSection(SolutionConfigurationPlatforms) = preSolution
		Debug|Any CPU = Debug|Any CPU
		Release|Any CPU = Release|Any CPU
	EndGlobalSection
	GlobalSection(ProjectConfigurationPlatforms) = postSolution
		{C2001850-39E6-4CF0-9060-136F6AFFF537}.Debug|Any CPU.ActiveCfg = Debug|Any CPU
		{C2001850-39E6-4CF0-9060-136F6AFFF537}.Debug|Any CPU.Build.0 = Debug|Any CPU
		{C2001850-39E6-4CF0-9060-136F6AFFF537}.Release|Any CPU.ActiveCfg = Release|Any CPU
		{C2001850-39E6-4CF0-9060-136F6AFFF537}.Release|Any CPU.Build.0 = Release|Any CPU
		{0ACFB93F-7540-480B-9923-AEB8D17D6D22}.Debug|Any CPU.ActiveCfg = Debug|Any CPU
		{0ACFB93F-7540-480B-9923-AEB8D17D6D22}.Debug|Any CPU.Build.0 = Debug|Any CPU
		{0ACFB93F-7540-480B-9923-AEB8D17D6D22}.Release|Any CPU.ActiveCfg = Release|Any CPU
		{0ACFB93F-7540-480B-9923-AEB8D17D6D22}.Release|Any CPU.Build.0 = Release|Any CPU
		{4A8C3839-6797-49F0-BBD1-C5E277D32EC0}.Debug|Any CPU.ActiveCfg = Debug|Any CPU
		{4A8C3839-6797-49F0-BBD1-C5E277D32EC0}.Debug|Any CPU.Build.0 = Debug|Any CPU
		{4A8C3839-6797-49F0-BBD1-C5E277D32EC0}.Release|Any CPU.ActiveCfg = Release|Any CPU
		{4A8C3839-6797-49F0-BBD1-C5E277D32EC0}.Release|Any CPU.Build.0 = Release|Any CPU
		{21568536-16A3-40D0-AE1D-AED407AD9087}.Debug|Any CPU.ActiveCfg = Debug|Any CPU
		{21568536-16A3-40D0-AE1D-AED407AD9087}.Debug|Any CPU.Build.0 = Debug|Any CPU
		{21568536-16A3-40D0-AE1D-AED407AD9087}.Release|Any CPU.ActiveCfg = Release|Any CPU
		{21568536-16A3-40D0-AE1D-AED407AD9087}.Release|Any CPU.Build.0 = Release|Any CPU
		{B48F170D-DA15-4868-9C22-B286AF5D966A}.Debug|Any CPU.ActiveCfg = Debug|Any CPU
		{B48F170D-DA15-4868-9C22-B286AF5D966A}.Debug|Any CPU.Build.0 = Debug|Any CPU
		{B48F170D-DA15-4868-9C22-B286AF5D966A}.Release|Any CPU.ActiveCfg = Release|Any CPU
		{B48F170D-DA15-4868-9C22-B286AF5D966A}.Release|Any CPU.Build.0 = Release|Any CPU
		{D673E168-3598-47F4-B9B6-1DC479FC78D1}.Debug|Any CPU.ActiveCfg = Debug|Any CPU
		{D673E168-3598-47F4-B9B6-1DC479FC78D1}.Debug|Any CPU.Build.0 = Debug|Any CPU
		{D673E168-3598-47F4-B9B6-1DC479FC78D1}.Release|Any CPU.ActiveCfg = Release|Any CPU
		{D673E168-3598-47F4-B9B6-1DC479FC78D1}.Release|Any CPU.Build.0 = Release|Any CPU
		{47119F9A-4C45-4FD3-9925-D7895EB5023E}.Debug|Any CPU.ActiveCfg = Debug|Any CPU
		{47119F9A-4C45-4FD3-9925-D7895EB5023E}.Debug|Any CPU.Build.0 = Debug|Any CPU
		{47119F9A-4C45-4FD3-9925-D7895EB5023E}.Release|Any CPU.ActiveCfg = Release|Any CPU
		{47119F9A-4C45-4FD3-9925-D7895EB5023E}.Release|Any CPU.Build.0 = Release|Any CPU
		{5458EE21-A5BA-4395-9114-0CDCB5B63AB9}.Debug|Any CPU.ActiveCfg = Debug|Any CPU
		{5458EE21-A5BA-4395-9114-0CDCB5B63AB9}.Debug|Any CPU.Build.0 = Debug|Any CPU
		{5458EE21-A5BA-4395-9114-0CDCB5B63AB9}.Release|Any CPU.ActiveCfg = Release|Any CPU
		{5458EE21-A5BA-4395-9114-0CDCB5B63AB9}.Release|Any CPU.Build.0 = Release|Any CPU
		{EAB1971F-7449-4A84-AF76-6A3B0D8EF19E}.Debug|Any CPU.ActiveCfg = Debug|Any CPU
		{EAB1971F-7449-4A84-AF76-6A3B0D8EF19E}.Debug|Any CPU.Build.0 = Debug|Any CPU
		{EAB1971F-7449-4A84-AF76-6A3B0D8EF19E}.Release|Any CPU.ActiveCfg = Release|Any CPU
		{EAB1971F-7449-4A84-AF76-6A3B0D8EF19E}.Release|Any CPU.Build.0 = Release|Any CPU
		{C51A4BC3-EC66-47EA-9A59-DAF2987765A0}.Debug|Any CPU.ActiveCfg = Debug|Any CPU
		{C51A4BC3-EC66-47EA-9A59-DAF2987765A0}.Debug|Any CPU.Build.0 = Debug|Any CPU
		{C51A4BC3-EC66-47EA-9A59-DAF2987765A0}.Release|Any CPU.ActiveCfg = Release|Any CPU
		{C51A4BC3-EC66-47EA-9A59-DAF2987765A0}.Release|Any CPU.Build.0 = Release|Any CPU
		{4D458A05-6C8E-4C95-9A9F-481F458F51DE}.Debug|Any CPU.ActiveCfg = Debug|Any CPU
		{4D458A05-6C8E-4C95-9A9F-481F458F51DE}.Debug|Any CPU.Build.0 = Debug|Any CPU
		{4D458A05-6C8E-4C95-9A9F-481F458F51DE}.Release|Any CPU.ActiveCfg = Release|Any CPU
		{4D458A05-6C8E-4C95-9A9F-481F458F51DE}.Release|Any CPU.Build.0 = Release|Any CPU
		{14FC496C-C97F-4A49-ACD5-0ADB69C995DA}.Debug|Any CPU.ActiveCfg = Debug|Any CPU
		{14FC496C-C97F-4A49-ACD5-0ADB69C995DA}.Debug|Any CPU.Build.0 = Debug|Any CPU
		{14FC496C-C97F-4A49-ACD5-0ADB69C995DA}.Release|Any CPU.ActiveCfg = Release|Any CPU
		{14FC496C-C97F-4A49-ACD5-0ADB69C995DA}.Release|Any CPU.Build.0 = Release|Any CPU
		{73E5E7FB-EE26-4AEE-885F-0E931CA55153}.Debug|Any CPU.ActiveCfg = Debug|Any CPU
		{73E5E7FB-EE26-4AEE-885F-0E931CA55153}.Debug|Any CPU.Build.0 = Debug|Any CPU
		{73E5E7FB-EE26-4AEE-885F-0E931CA55153}.Release|Any CPU.ActiveCfg = Release|Any CPU
		{73E5E7FB-EE26-4AEE-885F-0E931CA55153}.Release|Any CPU.Build.0 = Release|Any CPU
		{E5102C8C-3965-4AC8-9468-FADF340F11D8}.Debug|Any CPU.ActiveCfg = Debug|Any CPU
		{E5102C8C-3965-4AC8-9468-FADF340F11D8}.Debug|Any CPU.Build.0 = Debug|Any CPU
		{E5102C8C-3965-4AC8-9468-FADF340F11D8}.Release|Any CPU.ActiveCfg = Release|Any CPU
		{E5102C8C-3965-4AC8-9468-FADF340F11D8}.Release|Any CPU.Build.0 = Release|Any CPU
		{30414EC4-AD93-4779-A7A4-E161E8CF226B}.Debug|Any CPU.ActiveCfg = Debug|Any CPU
		{30414EC4-AD93-4779-A7A4-E161E8CF226B}.Debug|Any CPU.Build.0 = Debug|Any CPU
		{30414EC4-AD93-4779-A7A4-E161E8CF226B}.Release|Any CPU.ActiveCfg = Release|Any CPU
		{30414EC4-AD93-4779-A7A4-E161E8CF226B}.Release|Any CPU.Build.0 = Release|Any CPU
		{DB541288-6782-433A-909E-04BD15D4B3C1}.Debug|Any CPU.ActiveCfg = Debug|Any CPU
		{DB541288-6782-433A-909E-04BD15D4B3C1}.Debug|Any CPU.Build.0 = Debug|Any CPU
		{DB541288-6782-433A-909E-04BD15D4B3C1}.Release|Any CPU.ActiveCfg = Release|Any CPU
		{DB541288-6782-433A-909E-04BD15D4B3C1}.Release|Any CPU.Build.0 = Release|Any CPU
		{09E03459-814F-4699-80A8-2738A62CFEB0}.Debug|Any CPU.ActiveCfg = Debug|Any CPU
		{09E03459-814F-4699-80A8-2738A62CFEB0}.Debug|Any CPU.Build.0 = Debug|Any CPU
		{09E03459-814F-4699-80A8-2738A62CFEB0}.Release|Any CPU.ActiveCfg = Release|Any CPU
		{09E03459-814F-4699-80A8-2738A62CFEB0}.Release|Any CPU.Build.0 = Release|Any CPU
		{DB2E5CDA-CB12-4AC1-8E42-39BE8E13B040}.Debug|Any CPU.ActiveCfg = Debug|Any CPU
		{DB2E5CDA-CB12-4AC1-8E42-39BE8E13B040}.Debug|Any CPU.Build.0 = Debug|Any CPU
		{DB2E5CDA-CB12-4AC1-8E42-39BE8E13B040}.Release|Any CPU.ActiveCfg = Release|Any CPU
		{DB2E5CDA-CB12-4AC1-8E42-39BE8E13B040}.Release|Any CPU.Build.0 = Release|Any CPU
		{DF663A70-119D-439A-86B0-78BB489F3F6A}.Debug|Any CPU.ActiveCfg = Debug|Any CPU
		{DF663A70-119D-439A-86B0-78BB489F3F6A}.Debug|Any CPU.Build.0 = Debug|Any CPU
		{DF663A70-119D-439A-86B0-78BB489F3F6A}.Release|Any CPU.ActiveCfg = Release|Any CPU
		{DF663A70-119D-439A-86B0-78BB489F3F6A}.Release|Any CPU.Build.0 = Release|Any CPU
		{4042F8BE-04C8-48F3-9255-145E12190B04}.Debug|Any CPU.ActiveCfg = Debug|Any CPU
		{4042F8BE-04C8-48F3-9255-145E12190B04}.Debug|Any CPU.Build.0 = Debug|Any CPU
		{4042F8BE-04C8-48F3-9255-145E12190B04}.Release|Any CPU.ActiveCfg = Release|Any CPU
		{4042F8BE-04C8-48F3-9255-145E12190B04}.Release|Any CPU.Build.0 = Release|Any CPU
		{62F2886D-4F0C-4957-A3B3-4533F648991E}.Debug|Any CPU.ActiveCfg = Debug|Any CPU
		{62F2886D-4F0C-4957-A3B3-4533F648991E}.Debug|Any CPU.Build.0 = Debug|Any CPU
		{62F2886D-4F0C-4957-A3B3-4533F648991E}.Release|Any CPU.ActiveCfg = Release|Any CPU
		{62F2886D-4F0C-4957-A3B3-4533F648991E}.Release|Any CPU.Build.0 = Release|Any CPU
		{F906A0C4-AC83-4095-921E-9FDCBB12B2CF}.Debug|Any CPU.ActiveCfg = Debug|Any CPU
		{F906A0C4-AC83-4095-921E-9FDCBB12B2CF}.Debug|Any CPU.Build.0 = Debug|Any CPU
		{F906A0C4-AC83-4095-921E-9FDCBB12B2CF}.Release|Any CPU.ActiveCfg = Release|Any CPU
		{F906A0C4-AC83-4095-921E-9FDCBB12B2CF}.Release|Any CPU.Build.0 = Release|Any CPU
		{3ED2FC48-466E-4138-86E9-10C144F9D550}.Debug|Any CPU.ActiveCfg = Debug|Any CPU
		{3ED2FC48-466E-4138-86E9-10C144F9D550}.Debug|Any CPU.Build.0 = Debug|Any CPU
		{3ED2FC48-466E-4138-86E9-10C144F9D550}.Release|Any CPU.ActiveCfg = Release|Any CPU
		{3ED2FC48-466E-4138-86E9-10C144F9D550}.Release|Any CPU.Build.0 = Release|Any CPU
		{C34A0439-3373-4D62-BC6B-00C146D711C3}.Debug|Any CPU.ActiveCfg = Debug|Any CPU
		{C34A0439-3373-4D62-BC6B-00C146D711C3}.Debug|Any CPU.Build.0 = Debug|Any CPU
		{C34A0439-3373-4D62-BC6B-00C146D711C3}.Release|Any CPU.ActiveCfg = Release|Any CPU
		{C34A0439-3373-4D62-BC6B-00C146D711C3}.Release|Any CPU.Build.0 = Release|Any CPU
		{1C0EF2A7-D21F-4F2F-99D9-047BCCE4700C}.Debug|Any CPU.ActiveCfg = Debug|Any CPU
		{1C0EF2A7-D21F-4F2F-99D9-047BCCE4700C}.Debug|Any CPU.Build.0 = Debug|Any CPU
		{1C0EF2A7-D21F-4F2F-99D9-047BCCE4700C}.Release|Any CPU.ActiveCfg = Release|Any CPU
		{1C0EF2A7-D21F-4F2F-99D9-047BCCE4700C}.Release|Any CPU.Build.0 = Release|Any CPU
		{00A1CA87-E6D5-4F37-9E38-722D04BCE7D8}.Debug|Any CPU.ActiveCfg = Debug|Any CPU
		{00A1CA87-E6D5-4F37-9E38-722D04BCE7D8}.Debug|Any CPU.Build.0 = Debug|Any CPU
		{00A1CA87-E6D5-4F37-9E38-722D04BCE7D8}.Release|Any CPU.ActiveCfg = Release|Any CPU
		{00A1CA87-E6D5-4F37-9E38-722D04BCE7D8}.Release|Any CPU.Build.0 = Release|Any CPU
		{835B41D3-E5A5-4767-B2C3-4431CAEB8EE9}.Debug|Any CPU.ActiveCfg = Debug|Any CPU
		{835B41D3-E5A5-4767-B2C3-4431CAEB8EE9}.Debug|Any CPU.Build.0 = Debug|Any CPU
		{835B41D3-E5A5-4767-B2C3-4431CAEB8EE9}.Release|Any CPU.ActiveCfg = Release|Any CPU
		{835B41D3-E5A5-4767-B2C3-4431CAEB8EE9}.Release|Any CPU.Build.0 = Release|Any CPU
		{402BE68C-4BCE-481A-B9E4-5B83F6038F45}.Debug|Any CPU.ActiveCfg = Debug|Any CPU
		{402BE68C-4BCE-481A-B9E4-5B83F6038F45}.Debug|Any CPU.Build.0 = Debug|Any CPU
		{402BE68C-4BCE-481A-B9E4-5B83F6038F45}.Release|Any CPU.ActiveCfg = Release|Any CPU
		{402BE68C-4BCE-481A-B9E4-5B83F6038F45}.Release|Any CPU.Build.0 = Release|Any CPU
		{3F78DFC5-9810-4D6A-9A64-CCBB28E4AABE}.Debug|Any CPU.ActiveCfg = Debug|Any CPU
		{3F78DFC5-9810-4D6A-9A64-CCBB28E4AABE}.Debug|Any CPU.Build.0 = Debug|Any CPU
		{3F78DFC5-9810-4D6A-9A64-CCBB28E4AABE}.Release|Any CPU.ActiveCfg = Release|Any CPU
		{3F78DFC5-9810-4D6A-9A64-CCBB28E4AABE}.Release|Any CPU.Build.0 = Release|Any CPU
		{3BED84A4-6EE3-4E87-B357-73E5FD4CB6DC}.Debug|Any CPU.ActiveCfg = Debug|Any CPU
		{3BED84A4-6EE3-4E87-B357-73E5FD4CB6DC}.Debug|Any CPU.Build.0 = Debug|Any CPU
		{3BED84A4-6EE3-4E87-B357-73E5FD4CB6DC}.Release|Any CPU.ActiveCfg = Release|Any CPU
		{3BED84A4-6EE3-4E87-B357-73E5FD4CB6DC}.Release|Any CPU.Build.0 = Release|Any CPU
		{0C42AE63-D3D4-4940-8A6F-9424D3935615}.Debug|Any CPU.ActiveCfg = Debug|Any CPU
		{0C42AE63-D3D4-4940-8A6F-9424D3935615}.Debug|Any CPU.Build.0 = Debug|Any CPU
		{0C42AE63-D3D4-4940-8A6F-9424D3935615}.Release|Any CPU.ActiveCfg = Release|Any CPU
		{0C42AE63-D3D4-4940-8A6F-9424D3935615}.Release|Any CPU.Build.0 = Release|Any CPU
	EndGlobalSection
	GlobalSection(SolutionProperties) = preSolution
		HideSolutionNode = FALSE
	EndGlobalSection
	GlobalSection(NestedProjects) = preSolution
		{C2001850-39E6-4CF0-9060-136F6AFFF537} = {7571FCCC-A238-4D00-B338-94F13C2C7F61}
		{0ACFB93F-7540-480B-9923-AEB8D17D6D22} = {78570144-7297-4265-853F-0FD814B99F0A}
		{4A8C3839-6797-49F0-BBD1-C5E277D32EC0} = {2ABC4325-C1CA-45B1-9FAB-B152F2943660}
		{21568536-16A3-40D0-AE1D-AED407AD9087} = {7571FCCC-A238-4D00-B338-94F13C2C7F61}
		{B48F170D-DA15-4868-9C22-B286AF5D966A} = {7571FCCC-A238-4D00-B338-94F13C2C7F61}
		{D673E168-3598-47F4-B9B6-1DC479FC78D1} = {7571FCCC-A238-4D00-B338-94F13C2C7F61}
		{47119F9A-4C45-4FD3-9925-D7895EB5023E} = {9740B01D-57F1-4F17-B03F-BDC24C675609}
		{5458EE21-A5BA-4395-9114-0CDCB5B63AB9} = {9740B01D-57F1-4F17-B03F-BDC24C675609}
		{EAB1971F-7449-4A84-AF76-6A3B0D8EF19E} = {9740B01D-57F1-4F17-B03F-BDC24C675609}
		{C51A4BC3-EC66-47EA-9A59-DAF2987765A0} = {9740B01D-57F1-4F17-B03F-BDC24C675609}
		{4D458A05-6C8E-4C95-9A9F-481F458F51DE} = {9740B01D-57F1-4F17-B03F-BDC24C675609}
		{14FC496C-C97F-4A49-ACD5-0ADB69C995DA} = {9740B01D-57F1-4F17-B03F-BDC24C675609}
		{73E5E7FB-EE26-4AEE-885F-0E931CA55153} = {9740B01D-57F1-4F17-B03F-BDC24C675609}
		{E5102C8C-3965-4AC8-9468-FADF340F11D8} = {9740B01D-57F1-4F17-B03F-BDC24C675609}
		{30414EC4-AD93-4779-A7A4-E161E8CF226B} = {9740B01D-57F1-4F17-B03F-BDC24C675609}
		{DB541288-6782-433A-909E-04BD15D4B3C1} = {9740B01D-57F1-4F17-B03F-BDC24C675609}
		{09E03459-814F-4699-80A8-2738A62CFEB0} = {9740B01D-57F1-4F17-B03F-BDC24C675609}
		{DB2E5CDA-CB12-4AC1-8E42-39BE8E13B040} = {9740B01D-57F1-4F17-B03F-BDC24C675609}
		{DF663A70-119D-439A-86B0-78BB489F3F6A} = {9740B01D-57F1-4F17-B03F-BDC24C675609}
		{4042F8BE-04C8-48F3-9255-145E12190B04} = {9740B01D-57F1-4F17-B03F-BDC24C675609}
		{62F2886D-4F0C-4957-A3B3-4533F648991E} = {7FFE2CB6-5D0B-4A73-B386-73A3EF0A5909}
		{F906A0C4-AC83-4095-921E-9FDCBB12B2CF} = {7FFE2CB6-5D0B-4A73-B386-73A3EF0A5909}
		{3ED2FC48-466E-4138-86E9-10C144F9D550} = {7FFE2CB6-5D0B-4A73-B386-73A3EF0A5909}
		{C34A0439-3373-4D62-BC6B-00C146D711C3} = {7FFE2CB6-5D0B-4A73-B386-73A3EF0A5909}
		{1C0EF2A7-D21F-4F2F-99D9-047BCCE4700C} = {7FFE2CB6-5D0B-4A73-B386-73A3EF0A5909}
		{00A1CA87-E6D5-4F37-9E38-722D04BCE7D8} = {9740B01D-57F1-4F17-B03F-BDC24C675609}
		{835B41D3-E5A5-4767-B2C3-4431CAEB8EE9} = {9740B01D-57F1-4F17-B03F-BDC24C675609}
		{402BE68C-4BCE-481A-B9E4-5B83F6038F45} = {9740B01D-57F1-4F17-B03F-BDC24C675609}
	EndGlobalSection
	GlobalSection(ExtensibilityGlobals) = postSolution
		SolutionGuid = {C13C4547-C9B7-4EB3-86DD-187A6F868A01}
	EndGlobalSection
EndGlobal
